# This file is automatically @generated by Poetry 1.7.1 and should not be changed by hand.

[[package]]
name = "black"
version = "24.3.0"
description = "The uncompromising code formatter."
optional = false
python-versions = ">=3.8"
files = [
    {file = "black-24.3.0-cp310-cp310-macosx_10_9_x86_64.whl", hash = "sha256:7d5e026f8da0322b5662fa7a8e752b3fa2dac1c1cbc213c3d7ff9bdd0ab12395"},
    {file = "black-24.3.0-cp310-cp310-macosx_11_0_arm64.whl", hash = "sha256:9f50ea1132e2189d8dff0115ab75b65590a3e97de1e143795adb4ce317934995"},
    {file = "black-24.3.0-cp310-cp310-manylinux_2_17_x86_64.manylinux2014_x86_64.whl", hash = "sha256:e2af80566f43c85f5797365077fb64a393861a3730bd110971ab7a0c94e873e7"},
    {file = "black-24.3.0-cp310-cp310-win_amd64.whl", hash = "sha256:4be5bb28e090456adfc1255e03967fb67ca846a03be7aadf6249096100ee32d0"},
    {file = "black-24.3.0-cp311-cp311-macosx_10_9_x86_64.whl", hash = "sha256:4f1373a7808a8f135b774039f61d59e4be7eb56b2513d3d2f02a8b9365b8a8a9"},
    {file = "black-24.3.0-cp311-cp311-macosx_11_0_arm64.whl", hash = "sha256:aadf7a02d947936ee418777e0247ea114f78aff0d0959461057cae8a04f20597"},
    {file = "black-24.3.0-cp311-cp311-manylinux_2_17_x86_64.manylinux2014_x86_64.whl", hash = "sha256:65c02e4ea2ae09d16314d30912a58ada9a5c4fdfedf9512d23326128ac08ac3d"},
    {file = "black-24.3.0-cp311-cp311-win_amd64.whl", hash = "sha256:bf21b7b230718a5f08bd32d5e4f1db7fc8788345c8aea1d155fc17852b3410f5"},
    {file = "black-24.3.0-cp312-cp312-macosx_10_9_x86_64.whl", hash = "sha256:2818cf72dfd5d289e48f37ccfa08b460bf469e67fb7c4abb07edc2e9f16fb63f"},
    {file = "black-24.3.0-cp312-cp312-macosx_11_0_arm64.whl", hash = "sha256:4acf672def7eb1725f41f38bf6bf425c8237248bb0804faa3965c036f7672d11"},
    {file = "black-24.3.0-cp312-cp312-manylinux_2_17_x86_64.manylinux2014_x86_64.whl", hash = "sha256:c7ed6668cbbfcd231fa0dc1b137d3e40c04c7f786e626b405c62bcd5db5857e4"},
    {file = "black-24.3.0-cp312-cp312-win_amd64.whl", hash = "sha256:56f52cfbd3dabe2798d76dbdd299faa046a901041faf2cf33288bc4e6dae57b5"},
    {file = "black-24.3.0-cp38-cp38-macosx_10_9_x86_64.whl", hash = "sha256:79dcf34b33e38ed1b17434693763301d7ccbd1c5860674a8f871bd15139e7837"},
    {file = "black-24.3.0-cp38-cp38-macosx_11_0_arm64.whl", hash = "sha256:e19cb1c6365fd6dc38a6eae2dcb691d7d83935c10215aef8e6c38edee3f77abd"},
    {file = "black-24.3.0-cp38-cp38-manylinux_2_17_x86_64.manylinux2014_x86_64.whl", hash = "sha256:65b76c275e4c1c5ce6e9870911384bff5ca31ab63d19c76811cb1fb162678213"},
    {file = "black-24.3.0-cp38-cp38-win_amd64.whl", hash = "sha256:b5991d523eee14756f3c8d5df5231550ae8993e2286b8014e2fdea7156ed0959"},
    {file = "black-24.3.0-cp39-cp39-macosx_10_9_x86_64.whl", hash = "sha256:c45f8dff244b3c431b36e3224b6be4a127c6aca780853574c00faf99258041eb"},
    {file = "black-24.3.0-cp39-cp39-macosx_11_0_arm64.whl", hash = "sha256:6905238a754ceb7788a73f02b45637d820b2f5478b20fec82ea865e4f5d4d9f7"},
    {file = "black-24.3.0-cp39-cp39-manylinux_2_17_x86_64.manylinux2014_x86_64.whl", hash = "sha256:d7de8d330763c66663661a1ffd432274a2f92f07feeddd89ffd085b5744f85e7"},
    {file = "black-24.3.0-cp39-cp39-win_amd64.whl", hash = "sha256:7bb041dca0d784697af4646d3b62ba4a6b028276ae878e53f6b4f74ddd6db99f"},
    {file = "black-24.3.0-py3-none-any.whl", hash = "sha256:41622020d7120e01d377f74249e677039d20e6344ff5851de8a10f11f513bf93"},
    {file = "black-24.3.0.tar.gz", hash = "sha256:a0c9c4a0771afc6919578cec71ce82a3e31e054904e7197deacbc9382671c41f"},
]

[package.dependencies]
click = ">=8.0.0"
mypy-extensions = ">=0.4.3"
packaging = ">=22.0"
pathspec = ">=0.9.0"
platformdirs = ">=2"

[package.extras]
colorama = ["colorama (>=0.4.3)"]
d = ["aiohttp (>=3.7.4)", "aiohttp (>=3.7.4,!=3.9.0)"]
jupyter = ["ipython (>=7.8.0)", "tokenize-rt (>=3.2.0)"]
uvloop = ["uvloop (>=0.15.2)"]

[[package]]
name = "click"
version = "8.1.7"
description = "Composable command line interface toolkit"
optional = false
python-versions = ">=3.7"
files = [
    {file = "click-8.1.7-py3-none-any.whl", hash = "sha256:ae74fb96c20a0277a1d615f1e4d73c8414f5a98db8b799a7931d1582f3390c28"},
    {file = "click-8.1.7.tar.gz", hash = "sha256:ca9853ad459e787e2192211578cc907e7594e294c7ccc834310722b41b9ca6de"},
]

[package.dependencies]
colorama = {version = "*", markers = "platform_system == \"Windows\""}

[[package]]
name = "colorama"
version = "0.4.6"
description = "Cross-platform colored terminal text."
optional = false
python-versions = "!=3.0.*,!=3.1.*,!=3.2.*,!=3.3.*,!=3.4.*,!=3.5.*,!=3.6.*,>=2.7"
files = [
    {file = "colorama-0.4.6-py2.py3-none-any.whl", hash = "sha256:4f1d9991f5acc0ca119f9d443620b77f9d6b33703e51011c16baf57afb285fc6"},
    {file = "colorama-0.4.6.tar.gz", hash = "sha256:08695f5cb7ed6e0531a20572697297273c47b8cae5a63ffc6d6ed5c201be6e44"},
]

[[package]]
name = "dbus-fast"
version = "2.21.1"
description = "A faster version of dbus-next"
optional = false
python-versions = ">=3.7,<4.0"
files = [
    {file = "dbus_fast-2.21.1-cp310-cp310-manylinux_2_17_i686.manylinux_2_5_i686.manylinux1_i686.manylinux2014_i686.whl", hash = "sha256:b04b88be594dad81b33f6770283eed2125763632515c5112f8aa30f259cd334c"},
    {file = "dbus_fast-2.21.1-cp310-cp310-manylinux_2_17_x86_64.manylinux2014_x86_64.whl", hash = "sha256:7333896544a4d0a3d708bd092f8c05eb3599dc2b34ae6e4c4b44d04d5514b0ec"},
    {file = "dbus_fast-2.21.1-cp310-cp310-manylinux_2_31_x86_64.whl", hash = "sha256:4591e0962c272d42d305ab3fb8889f13d47255e412fd3b9839620836662c91fe"},
    {file = "dbus_fast-2.21.1-cp310-cp310-musllinux_1_1_i686.whl", hash = "sha256:52641305461660c8969c6bb12364206a108c5c9e014c9220c70b99c4f48b6750"},
    {file = "dbus_fast-2.21.1-cp310-cp310-musllinux_1_1_x86_64.whl", hash = "sha256:237db4ab0b90e5284ea7659264630d693273cdbda323a40368f320869bf6470f"},
    {file = "dbus_fast-2.21.1-cp311-cp311-manylinux_2_17_i686.manylinux_2_5_i686.manylinux1_i686.manylinux2014_i686.whl", hash = "sha256:999fed45cb391126107b804be0e344e75556fceaee4cc30a0ca06d77309bdf3c"},
    {file = "dbus_fast-2.21.1-cp311-cp311-manylinux_2_17_x86_64.manylinux2014_x86_64.whl", hash = "sha256:e2309b9cafba799e9d343fdfdd5ae46276adf3929fef60f296f23b97ed1aa2f6"},
    {file = "dbus_fast-2.21.1-cp311-cp311-musllinux_1_1_i686.whl", hash = "sha256:b7d1f35218549762e52a782c0b548e0681332beee773d3dfffe2efc38b2ee960"},
    {file = "dbus_fast-2.21.1-cp311-cp311-musllinux_1_1_x86_64.whl", hash = "sha256:47aa28520fe274414b655c74cbe2e91d8b76e22f40cd41a758bb6975e526827b"},
    {file = "dbus_fast-2.21.1-cp312-cp312-manylinux_2_17_i686.manylinux_2_5_i686.manylinux1_i686.manylinux2014_i686.whl", hash = "sha256:0ff6c72bcd6539d798015bda33c7ce35c7de76276b9bd45e48db13672713521a"},
    {file = "dbus_fast-2.21.1-cp312-cp312-manylinux_2_17_x86_64.manylinux2014_x86_64.whl", hash = "sha256:36d8cd43b3799e766158f1bb0b27cc4eef685fd892417b0382b7fdfdd94f1e6c"},
    {file = "dbus_fast-2.21.1-cp312-cp312-musllinux_1_1_i686.whl", hash = "sha256:d4da8d58064f0a3dd07bfc283ba912b9d5a4cb38f1c0fcd9ecb2b9d43111243c"},
    {file = "dbus_fast-2.21.1-cp312-cp312-musllinux_1_1_x86_64.whl", hash = "sha256:66e160f496ac79248feb09a0acf4aab5d139d823330cbd9377f6e19ae007330a"},
    {file = "dbus_fast-2.21.1-cp37-cp37m-manylinux_2_17_i686.manylinux_2_5_i686.manylinux1_i686.manylinux2014_i686.whl", hash = "sha256:670b5c4d78c9c2d25e7ba650d212d98bf24d40292f91fe4e2f3ad4f80dc6d7e5"},
    {file = "dbus_fast-2.21.1-cp37-cp37m-manylinux_2_17_x86_64.manylinux2014_x86_64.whl", hash = "sha256:15d62adfab7c6f4a491085f53f9634d24745ca5a2772549945b7e2de27c0d534"},
    {file = "dbus_fast-2.21.1-cp37-cp37m-musllinux_1_1_i686.whl", hash = "sha256:54e8771e31ee1deb01feef2475c12123cab770c371ecc97af98eb6ca10a2858e"},
    {file = "dbus_fast-2.21.1-cp37-cp37m-musllinux_1_1_x86_64.whl", hash = "sha256:2db4d0d60a891a8b20a4c6de68a088efe73b29ab4a5949fe6aad2713c131e174"},
    {file = "dbus_fast-2.21.1-cp38-cp38-manylinux_2_17_i686.manylinux_2_5_i686.manylinux1_i686.manylinux2014_i686.whl", hash = "sha256:65e76b20099c33352d5e7734a219982858873cf66fe510951d9bd27cb690190f"},
    {file = "dbus_fast-2.21.1-cp38-cp38-manylinux_2_17_x86_64.manylinux2014_x86_64.whl", hash = "sha256:927f294b1dc7cea9372ef8c7c46ebeb5c7e6c1c7345358f952e7499bdbdf7eb4"},
    {file = "dbus_fast-2.21.1-cp38-cp38-musllinux_1_1_i686.whl", hash = "sha256:9e9a43ea42b8a9f2c62ca50ce05582de7b4f1f7eb27091f904578c29124af246"},
    {file = "dbus_fast-2.21.1-cp38-cp38-musllinux_1_1_x86_64.whl", hash = "sha256:78c84ecf19459571784fd6a8ad8b3e9006cf96c3282e8220bc49098866ef4cc7"},
    {file = "dbus_fast-2.21.1-cp39-cp39-manylinux_2_17_i686.manylinux_2_5_i686.manylinux1_i686.manylinux2014_i686.whl", hash = "sha256:a5b3895ea12c4e636dfaacf75fa5bd1e8450b2ffb97507520991eaf1989d102e"},
    {file = "dbus_fast-2.21.1-cp39-cp39-manylinux_2_17_x86_64.manylinux2014_x86_64.whl", hash = "sha256:85be33bb04e918833ac6f28f68f83a1e83425eb6e08b9c482cc3318820dfd55f"},
    {file = "dbus_fast-2.21.1-cp39-cp39-musllinux_1_1_i686.whl", hash = "sha256:13ab6a0f64d345cb42c489239962261f724bd441458bef245b39828ed94ea6f4"},
    {file = "dbus_fast-2.21.1-cp39-cp39-musllinux_1_1_x86_64.whl", hash = "sha256:c585e7a94bb723a70b4966677b882be8bda324cc41bd129765e3ceab428889bb"},
    {file = "dbus_fast-2.21.1-pp310-pypy310_pp73-manylinux_2_17_i686.manylinux_2_5_i686.manylinux1_i686.manylinux2014_i686.whl", hash = "sha256:62331ee3871f6881f517ca65ae185fb2462a0bf2fe78acc4a4d621fc4da08396"},
    {file = "dbus_fast-2.21.1-pp310-pypy310_pp73-manylinux_2_17_x86_64.manylinux_2_5_x86_64.manylinux1_x86_64.manylinux2014_x86_64.whl", hash = "sha256:cbfd6892fa092cbd6f52edcb24797af62fba8baa50995db856b0a342184c850d"},
    {file = "dbus_fast-2.21.1-pp37-pypy37_pp73-manylinux_2_17_i686.manylinux_2_5_i686.manylinux1_i686.manylinux2014_i686.whl", hash = "sha256:a999e35628988ad4f81af36192cd592b8fd1e72e1bbc76a64d80808e6f4b9540"},
    {file = "dbus_fast-2.21.1-pp37-pypy37_pp73-manylinux_2_17_x86_64.manylinux2014_x86_64.whl", hash = "sha256:9cae9a6b9bb54f3f89424fdd960b60ac53239b9e5d4a5d9a598d222fbf8d3173"},
    {file = "dbus_fast-2.21.1-pp38-pypy38_pp73-manylinux_2_17_i686.manylinux_2_5_i686.manylinux1_i686.manylinux2014_i686.whl", hash = "sha256:39a3f3662391b49553bf9d9d2e9a6cb31e0d7d337557ee0c0be5c558a3c7d230"},
    {file = "dbus_fast-2.21.1-pp38-pypy38_pp73-manylinux_2_17_x86_64.manylinux_2_5_x86_64.manylinux1_x86_64.manylinux2014_x86_64.whl", hash = "sha256:ffc2b6beb212d0d231816dcb7bd8bcdafccd04750ba8f5e915f40ad312f5adf2"},
    {file = "dbus_fast-2.21.1-pp39-pypy39_pp73-manylinux_2_17_i686.manylinux_2_5_i686.manylinux1_i686.manylinux2014_i686.whl", hash = "sha256:c938eb7130067ca3b74b248ee376228776d8f013a206ae78e6fc644c9db0f4f5"},
    {file = "dbus_fast-2.21.1-pp39-pypy39_pp73-manylinux_2_17_x86_64.manylinux_2_5_x86_64.manylinux1_x86_64.manylinux2014_x86_64.whl", hash = "sha256:8fae9609d972f0c2b72017796a8140b8a6fb842426f0aed4f43f0fa7d780a16f"},
    {file = "dbus_fast-2.21.1.tar.gz", hash = "sha256:87b852d2005f1d59399ca51c5f3538f28a4742d739d7abe82b7ae8d01d8a5d02"},
]

[[package]]
name = "mypy-extensions"
version = "1.0.0"
description = "Type system extensions for programs checked with the mypy type checker."
optional = false
python-versions = ">=3.5"
files = [
    {file = "mypy_extensions-1.0.0-py3-none-any.whl", hash = "sha256:4392f6c0eb8a5668a69e23d168ffa70f0be9ccfd32b5cc2d26a34ae5b844552d"},
    {file = "mypy_extensions-1.0.0.tar.gz", hash = "sha256:75dbf8955dc00442a438fc4d0666508a9a97b6bd41aa2f0ffe9d2f2725af0782"},
]

[[package]]
name = "packaging"
version = "23.2"
description = "Core utilities for Python packages"
optional = false
python-versions = ">=3.7"
files = [
    {file = "packaging-23.2-py3-none-any.whl", hash = "sha256:8c491190033a9af7e1d931d0b5dacc2ef47509b34dd0de67ed209b5203fc88c7"},
    {file = "packaging-23.2.tar.gz", hash = "sha256:048fb0e9405036518eaaf48a55953c750c11e1a1b68e0dd1a9d62ed0c092cfc5"},
]

[[package]]
name = "pathspec"
version = "0.12.1"
description = "Utility library for gitignore style pattern matching of file paths."
optional = false
python-versions = ">=3.8"
files = [
    {file = "pathspec-0.12.1-py3-none-any.whl", hash = "sha256:a0d503e138a4c123b27490a4f7beda6a01c6f288df0e4a8b79c7eb0dc7b4cc08"},
    {file = "pathspec-0.12.1.tar.gz", hash = "sha256:a482d51503a1ab33b1c67a6c3813a26953dbdc71c31dacaef9a838c4e29f5712"},
]

[[package]]
name = "platformdirs"
version = "4.2.0"
description = "A small Python package for determining appropriate platform-specific dirs, e.g. a \"user data dir\"."
optional = false
python-versions = ">=3.8"
files = [
    {file = "platformdirs-4.2.0-py3-none-any.whl", hash = "sha256:0614df2a2f37e1a662acbd8e2b25b92ccf8632929bc6d43467e17fe89c75e068"},
    {file = "platformdirs-4.2.0.tar.gz", hash = "sha256:ef0cc731df711022c174543cb70a9b5bd22e5a9337c8624ef2c2ceb8ddad8768"},
]

[package.extras]
docs = ["furo (>=2023.9.10)", "proselint (>=0.13)", "sphinx (>=7.2.6)", "sphinx-autodoc-typehints (>=1.25.2)"]
test = ["appdirs (==1.4.4)", "covdefaults (>=2.3)", "pytest (>=7.4.3)", "pytest-cov (>=4.1)", "pytest-mock (>=3.12)"]

[metadata]
lock-version = "2.0"
python-versions = "^3.11"
content-hash = "0724195d9149680cdbb7587977ee29b55dcf814e8e13c53c5345627d48016328"
