# This file is automatically @generated by Poetry 1.7.1 and should not be changed by hand.

[[package]]
name = "black"
version = "24.2.0"
description = "The uncompromising code formatter."
optional = false
python-versions = ">=3.8"
files = [
    {file = "black-24.2.0-cp310-cp310-macosx_10_9_x86_64.whl", hash = "sha256:6981eae48b3b33399c8757036c7f5d48a535b962a7c2310d19361edeef64ce29"},
    {file = "black-24.2.0-cp310-cp310-macosx_11_0_arm64.whl", hash = "sha256:d533d5e3259720fdbc1b37444491b024003e012c5173f7d06825a77508085430"},
    {file = "black-24.2.0-cp310-cp310-manylinux_2_17_x86_64.manylinux2014_x86_64.whl", hash = "sha256:61a0391772490ddfb8a693c067df1ef5227257e72b0e4108482b8d41b5aee13f"},
    {file = "black-24.2.0-cp310-cp310-win_amd64.whl", hash = "sha256:992e451b04667116680cb88f63449267c13e1ad134f30087dec8527242e9862a"},
    {file = "black-24.2.0-cp311-cp311-macosx_10_9_x86_64.whl", hash = "sha256:163baf4ef40e6897a2a9b83890e59141cc8c2a98f2dda5080dc15c00ee1e62cd"},
    {file = "black-24.2.0-cp311-cp311-macosx_11_0_arm64.whl", hash = "sha256:e37c99f89929af50ffaf912454b3e3b47fd64109659026b678c091a4cd450fb2"},
    {file = "black-24.2.0-cp311-cp311-manylinux_2_17_x86_64.manylinux2014_x86_64.whl", hash = "sha256:4f9de21bafcba9683853f6c96c2d515e364aee631b178eaa5145fc1c61a3cc92"},
    {file = "black-24.2.0-cp311-cp311-win_amd64.whl", hash = "sha256:9db528bccb9e8e20c08e716b3b09c6bdd64da0dd129b11e160bf082d4642ac23"},
    {file = "black-24.2.0-cp312-cp312-macosx_10_9_x86_64.whl", hash = "sha256:d84f29eb3ee44859052073b7636533ec995bd0f64e2fb43aeceefc70090e752b"},
    {file = "black-24.2.0-cp312-cp312-macosx_11_0_arm64.whl", hash = "sha256:1e08fb9a15c914b81dd734ddd7fb10513016e5ce7e6704bdd5e1251ceee51ac9"},
    {file = "black-24.2.0-cp312-cp312-manylinux_2_17_x86_64.manylinux2014_x86_64.whl", hash = "sha256:810d445ae6069ce64030c78ff6127cd9cd178a9ac3361435708b907d8a04c693"},
    {file = "black-24.2.0-cp312-cp312-win_amd64.whl", hash = "sha256:ba15742a13de85e9b8f3239c8f807723991fbfae24bad92d34a2b12e81904982"},
    {file = "black-24.2.0-cp38-cp38-macosx_10_9_x86_64.whl", hash = "sha256:7e53a8c630f71db01b28cd9602a1ada68c937cbf2c333e6ed041390d6968faf4"},
    {file = "black-24.2.0-cp38-cp38-macosx_11_0_arm64.whl", hash = "sha256:93601c2deb321b4bad8f95df408e3fb3943d85012dddb6121336b8e24a0d1218"},
    {file = "black-24.2.0-cp38-cp38-manylinux_2_17_x86_64.manylinux2014_x86_64.whl", hash = "sha256:a0057f800de6acc4407fe75bb147b0c2b5cbb7c3ed110d3e5999cd01184d53b0"},
    {file = "black-24.2.0-cp38-cp38-win_amd64.whl", hash = "sha256:faf2ee02e6612577ba0181f4347bcbcf591eb122f7841ae5ba233d12c39dcb4d"},
    {file = "black-24.2.0-cp39-cp39-macosx_10_9_x86_64.whl", hash = "sha256:057c3dc602eaa6fdc451069bd027a1b2635028b575a6c3acfd63193ced20d9c8"},
    {file = "black-24.2.0-cp39-cp39-macosx_11_0_arm64.whl", hash = "sha256:08654d0797e65f2423f850fc8e16a0ce50925f9337fb4a4a176a7aa4026e63f8"},
    {file = "black-24.2.0-cp39-cp39-manylinux_2_17_x86_64.manylinux2014_x86_64.whl", hash = "sha256:ca610d29415ee1a30a3f30fab7a8f4144e9d34c89a235d81292a1edb2b55f540"},
    {file = "black-24.2.0-cp39-cp39-win_amd64.whl", hash = "sha256:4dd76e9468d5536abd40ffbc7a247f83b2324f0c050556d9c371c2b9a9a95e31"},
    {file = "black-24.2.0-py3-none-any.whl", hash = "sha256:e8a6ae970537e67830776488bca52000eaa37fa63b9988e8c487458d9cd5ace6"},
    {file = "black-24.2.0.tar.gz", hash = "sha256:bce4f25c27c3435e4dace4815bcb2008b87e167e3bf4ee47ccdc5ce906eb4894"},
]

[package.dependencies]
click = ">=8.0.0"
mypy-extensions = ">=0.4.3"
packaging = ">=22.0"
pathspec = ">=0.9.0"
platformdirs = ">=2"

[package.extras]
colorama = ["colorama (>=0.4.3)"]
d = ["aiohttp (>=3.7.4)", "aiohttp (>=3.7.4,!=3.9.0)"]
jupyter = ["ipython (>=7.8.0)", "tokenize-rt (>=3.2.0)"]
uvloop = ["uvloop (>=0.15.2)"]

[[package]]
name = "click"
version = "8.1.7"
description = "Composable command line interface toolkit"
optional = false
python-versions = ">=3.7"
files = [
    {file = "click-8.1.7-py3-none-any.whl", hash = "sha256:ae74fb96c20a0277a1d615f1e4d73c8414f5a98db8b799a7931d1582f3390c28"},
    {file = "click-8.1.7.tar.gz", hash = "sha256:ca9853ad459e787e2192211578cc907e7594e294c7ccc834310722b41b9ca6de"},
]

[package.dependencies]
colorama = {version = "*", markers = "platform_system == \"Windows\""}

[[package]]
name = "colorama"
version = "0.4.6"
description = "Cross-platform colored terminal text."
optional = false
python-versions = "!=3.0.*,!=3.1.*,!=3.2.*,!=3.3.*,!=3.4.*,!=3.5.*,!=3.6.*,>=2.7"
files = [
    {file = "colorama-0.4.6-py2.py3-none-any.whl", hash = "sha256:4f1d9991f5acc0ca119f9d443620b77f9d6b33703e51011c16baf57afb285fc6"},
    {file = "colorama-0.4.6.tar.gz", hash = "sha256:08695f5cb7ed6e0531a20572697297273c47b8cae5a63ffc6d6ed5c201be6e44"},
]

[[package]]
name = "dbus-fast"
version = "2.21.1"
description = "A faster version of dbus-next"
optional = false
python-versions = ">=3.7,<4.0"
files = [
    {file = "dbus_fast-2.21.1-cp310-cp310-manylinux_2_17_i686.manylinux_2_5_i686.manylinux1_i686.manylinux2014_i686.whl", hash = "sha256:b04b88be594dad81b33f6770283eed2125763632515c5112f8aa30f259cd334c"},
    {file = "dbus_fast-2.21.1-cp310-cp310-manylinux_2_17_x86_64.manylinux2014_x86_64.whl", hash = "sha256:7333896544a4d0a3d708bd092f8c05eb3599dc2b34ae6e4c4b44d04d5514b0ec"},
    {file = "dbus_fast-2.21.1-cp310-cp310-manylinux_2_31_x86_64.whl", hash = "sha256:4591e0962c272d42d305ab3fb8889f13d47255e412fd3b9839620836662c91fe"},
    {file = "dbus_fast-2.21.1-cp310-cp310-musllinux_1_1_i686.whl", hash = "sha256:52641305461660c8969c6bb12364206a108c5c9e014c9220c70b99c4f48b6750"},
    {file = "dbus_fast-2.21.1-cp310-cp310-musllinux_1_1_x86_64.whl", hash = "sha256:237db4ab0b90e5284ea7659264630d693273cdbda323a40368f320869bf6470f"},
    {file = "dbus_fast-2.21.1-cp311-cp311-manylinux_2_17_i686.manylinux_2_5_i686.manylinux1_i686.manylinux2014_i686.whl", hash = "sha256:999fed45cb391126107b804be0e344e75556fceaee4cc30a0ca06d77309bdf3c"},
    {file = "dbus_fast-2.21.1-cp311-cp311-manylinux_2_17_x86_64.manylinux2014_x86_64.whl", hash = "sha256:e2309b9cafba799e9d343fdfdd5ae46276adf3929fef60f296f23b97ed1aa2f6"},
    {file = "dbus_fast-2.21.1-cp311-cp311-musllinux_1_1_i686.whl", hash = "sha256:b7d1f35218549762e52a782c0b548e0681332beee773d3dfffe2efc38b2ee960"},
    {file = "dbus_fast-2.21.1-cp311-cp311-musllinux_1_1_x86_64.whl", hash = "sha256:47aa28520fe274414b655c74cbe2e91d8b76e22f40cd41a758bb6975e526827b"},
    {file = "dbus_fast-2.21.1-cp312-cp312-manylinux_2_17_i686.manylinux_2_5_i686.manylinux1_i686.manylinux2014_i686.whl", hash = "sha256:0ff6c72bcd6539d798015bda33c7ce35c7de76276b9bd45e48db13672713521a"},
    {file = "dbus_fast-2.21.1-cp312-cp312-manylinux_2_17_x86_64.manylinux2014_x86_64.whl", hash = "sha256:36d8cd43b3799e766158f1bb0b27cc4eef685fd892417b0382b7fdfdd94f1e6c"},
    {file = "dbus_fast-2.21.1-cp312-cp312-musllinux_1_1_i686.whl", hash = "sha256:d4da8d58064f0a3dd07bfc283ba912b9d5a4cb38f1c0fcd9ecb2b9d43111243c"},
    {file = "dbus_fast-2.21.1-cp312-cp312-musllinux_1_1_x86_64.whl", hash = "sha256:66e160f496ac79248feb09a0acf4aab5d139d823330cbd9377f6e19ae007330a"},
    {file = "dbus_fast-2.21.1-cp37-cp37m-manylinux_2_17_i686.manylinux_2_5_i686.manylinux1_i686.manylinux2014_i686.whl", hash = "sha256:670b5c4d78c9c2d25e7ba650d212d98bf24d40292f91fe4e2f3ad4f80dc6d7e5"},
    {file = "dbus_fast-2.21.1-cp37-cp37m-manylinux_2_17_x86_64.manylinux2014_x86_64.whl", hash = "sha256:15d62adfab7c6f4a491085f53f9634d24745ca5a2772549945b7e2de27c0d534"},
    {file = "dbus_fast-2.21.1-cp37-cp37m-musllinux_1_1_i686.whl", hash = "sha256:54e8771e31ee1deb01feef2475c12123cab770c371ecc97af98eb6ca10a2858e"},
    {file = "dbus_fast-2.21.1-cp37-cp37m-musllinux_1_1_x86_64.whl", hash = "sha256:2db4d0d60a891a8b20a4c6de68a088efe73b29ab4a5949fe6aad2713c131e174"},
    {file = "dbus_fast-2.21.1-cp38-cp38-manylinux_2_17_i686.manylinux_2_5_i686.manylinux1_i686.manylinux2014_i686.whl", hash = "sha256:65e76b20099c33352d5e7734a219982858873cf66fe510951d9bd27cb690190f"},
    {file = "dbus_fast-2.21.1-cp38-cp38-manylinux_2_17_x86_64.manylinux2014_x86_64.whl", hash = "sha256:927f294b1dc7cea9372ef8c7c46ebeb5c7e6c1c7345358f952e7499bdbdf7eb4"},
    {file = "dbus_fast-2.21.1-cp38-cp38-musllinux_1_1_i686.whl", hash = "sha256:9e9a43ea42b8a9f2c62ca50ce05582de7b4f1f7eb27091f904578c29124af246"},
    {file = "dbus_fast-2.21.1-cp38-cp38-musllinux_1_1_x86_64.whl", hash = "sha256:78c84ecf19459571784fd6a8ad8b3e9006cf96c3282e8220bc49098866ef4cc7"},
    {file = "dbus_fast-2.21.1-cp39-cp39-manylinux_2_17_i686.manylinux_2_5_i686.manylinux1_i686.manylinux2014_i686.whl", hash = "sha256:a5b3895ea12c4e636dfaacf75fa5bd1e8450b2ffb97507520991eaf1989d102e"},
    {file = "dbus_fast-2.21.1-cp39-cp39-manylinux_2_17_x86_64.manylinux2014_x86_64.whl", hash = "sha256:85be33bb04e918833ac6f28f68f83a1e83425eb6e08b9c482cc3318820dfd55f"},
    {file = "dbus_fast-2.21.1-cp39-cp39-musllinux_1_1_i686.whl", hash = "sha256:13ab6a0f64d345cb42c489239962261f724bd441458bef245b39828ed94ea6f4"},
    {file = "dbus_fast-2.21.1-cp39-cp39-musllinux_1_1_x86_64.whl", hash = "sha256:c585e7a94bb723a70b4966677b882be8bda324cc41bd129765e3ceab428889bb"},
    {file = "dbus_fast-2.21.1-pp310-pypy310_pp73-manylinux_2_17_i686.manylinux_2_5_i686.manylinux1_i686.manylinux2014_i686.whl", hash = "sha256:62331ee3871f6881f517ca65ae185fb2462a0bf2fe78acc4a4d621fc4da08396"},
    {file = "dbus_fast-2.21.1-pp310-pypy310_pp73-manylinux_2_17_x86_64.manylinux_2_5_x86_64.manylinux1_x86_64.manylinux2014_x86_64.whl", hash = "sha256:cbfd6892fa092cbd6f52edcb24797af62fba8baa50995db856b0a342184c850d"},
    {file = "dbus_fast-2.21.1-pp37-pypy37_pp73-manylinux_2_17_i686.manylinux_2_5_i686.manylinux1_i686.manylinux2014_i686.whl", hash = "sha256:a999e35628988ad4f81af36192cd592b8fd1e72e1bbc76a64d80808e6f4b9540"},
    {file = "dbus_fast-2.21.1-pp37-pypy37_pp73-manylinux_2_17_x86_64.manylinux2014_x86_64.whl", hash = "sha256:9cae9a6b9bb54f3f89424fdd960b60ac53239b9e5d4a5d9a598d222fbf8d3173"},
    {file = "dbus_fast-2.21.1-pp38-pypy38_pp73-manylinux_2_17_i686.manylinux_2_5_i686.manylinux1_i686.manylinux2014_i686.whl", hash = "sha256:39a3f3662391b49553bf9d9d2e9a6cb31e0d7d337557ee0c0be5c558a3c7d230"},
    {file = "dbus_fast-2.21.1-pp38-pypy38_pp73-manylinux_2_17_x86_64.manylinux_2_5_x86_64.manylinux1_x86_64.manylinux2014_x86_64.whl", hash = "sha256:ffc2b6beb212d0d231816dcb7bd8bcdafccd04750ba8f5e915f40ad312f5adf2"},
    {file = "dbus_fast-2.21.1-pp39-pypy39_pp73-manylinux_2_17_i686.manylinux_2_5_i686.manylinux1_i686.manylinux2014_i686.whl", hash = "sha256:c938eb7130067ca3b74b248ee376228776d8f013a206ae78e6fc644c9db0f4f5"},
    {file = "dbus_fast-2.21.1-pp39-pypy39_pp73-manylinux_2_17_x86_64.manylinux_2_5_x86_64.manylinux1_x86_64.manylinux2014_x86_64.whl", hash = "sha256:8fae9609d972f0c2b72017796a8140b8a6fb842426f0aed4f43f0fa7d780a16f"},
    {file = "dbus_fast-2.21.1.tar.gz", hash = "sha256:87b852d2005f1d59399ca51c5f3538f28a4742d739d7abe82b7ae8d01d8a5d02"},
]

[[package]]
name = "mypy-extensions"
version = "1.0.0"
description = "Type system extensions for programs checked with the mypy type checker."
optional = false
python-versions = ">=3.5"
files = [
    {file = "mypy_extensions-1.0.0-py3-none-any.whl", hash = "sha256:4392f6c0eb8a5668a69e23d168ffa70f0be9ccfd32b5cc2d26a34ae5b844552d"},
    {file = "mypy_extensions-1.0.0.tar.gz", hash = "sha256:75dbf8955dc00442a438fc4d0666508a9a97b6bd41aa2f0ffe9d2f2725af0782"},
]

[[package]]
name = "packaging"
version = "23.2"
description = "Core utilities for Python packages"
optional = false
python-versions = ">=3.7"
files = [
    {file = "packaging-23.2-py3-none-any.whl", hash = "sha256:8c491190033a9af7e1d931d0b5dacc2ef47509b34dd0de67ed209b5203fc88c7"},
    {file = "packaging-23.2.tar.gz", hash = "sha256:048fb0e9405036518eaaf48a55953c750c11e1a1b68e0dd1a9d62ed0c092cfc5"},
]

[[package]]
name = "pathspec"
version = "0.12.1"
description = "Utility library for gitignore style pattern matching of file paths."
optional = false
python-versions = ">=3.8"
files = [
    {file = "pathspec-0.12.1-py3-none-any.whl", hash = "sha256:a0d503e138a4c123b27490a4f7beda6a01c6f288df0e4a8b79c7eb0dc7b4cc08"},
    {file = "pathspec-0.12.1.tar.gz", hash = "sha256:a482d51503a1ab33b1c67a6c3813a26953dbdc71c31dacaef9a838c4e29f5712"},
]

[[package]]
name = "platformdirs"
version = "4.2.0"
description = "A small Python package for determining appropriate platform-specific dirs, e.g. a \"user data dir\"."
optional = false
python-versions = ">=3.8"
files = [
    {file = "platformdirs-4.2.0-py3-none-any.whl", hash = "sha256:0614df2a2f37e1a662acbd8e2b25b92ccf8632929bc6d43467e17fe89c75e068"},
    {file = "platformdirs-4.2.0.tar.gz", hash = "sha256:ef0cc731df711022c174543cb70a9b5bd22e5a9337c8624ef2c2ceb8ddad8768"},
]

[package.extras]
docs = ["furo (>=2023.9.10)", "proselint (>=0.13)", "sphinx (>=7.2.6)", "sphinx-autodoc-typehints (>=1.25.2)"]
test = ["appdirs (==1.4.4)", "covdefaults (>=2.3)", "pytest (>=7.4.3)", "pytest-cov (>=4.1)", "pytest-mock (>=3.12)"]

[metadata]
lock-version = "2.0"
python-versions = "^3.11"
content-hash = "0724195d9149680cdbb7587977ee29b55dcf814e8e13c53c5345627d48016328"
