# This file is automatically @generated by Poetry 1.8.0.dev0 and should not be changed by hand.

[[package]]
name = "dbus-python"
version = "1.3.2"
description = "Python bindings for libdbus"
optional = false
python-versions = ">=3.7"
files = [
    {file = "dbus-python-1.3.2.tar.gz", hash = "sha256:ad67819308618b5069537be237f8e68ca1c7fcc95ee4a121fe6845b1418248f8"},
]

[package.extras]
doc = ["sphinx", "sphinx_rtd_theme"]
test = ["tap.py"]

[metadata]
lock-version = "2.0"
python-versions = "^3.11"
content-hash = "a378b81868f5060fa9c5df161a8cbe6a527839dc36c024cc5090b86778da103c"
